
Microsoft Visual Studio Solution File, Format Version 12.00
# Visual Studio 15
VisualStudioVersion = 15.0.28307.539
MinimumVisualStudioVersion = 10.0.40219.1
Project("{FAE04EC0-301F-11D3-BF4B-00C04F79EFBC}") = "QL_TiecCuoi", "QL_TiecCuoi\QL_TiecCuoi.csproj", "{CEA5709E-B229-4B8E-AEB2-FFE436DFF6B3}"
EndProject
Global
	GlobalSection(SolutionConfigurationPlatforms) = preSolution
		Debug|Any CPU = Debug|Any CPU
		Release|Any CPU = Release|Any CPU
	EndGlobalSection
	GlobalSection(ProjectConfigurationPlatforms) = postSolution
		{CEA5709E-B229-4B8E-AEB2-FFE436DFF6B3}.Debug|Any CPU.ActiveCfg = Debug|Any CPU
		{CEA5709E-B229-4B8E-AEB2-FFE436DFF6B3}.Debug|Any CPU.Build.0 = Debug|Any CPU
		{CEA5709E-B229-4B8E-AEB2-FFE436DFF6B3}.Release|Any CPU.ActiveCfg = Release|Any CPU
		{CEA5709E-B229-4B8E-AEB2-FFE436DFF6B3}.Release|Any CPU.Build.0 = Release|Any CPU
	EndGlobalSection
	GlobalSection(SolutionProperties) = preSolution
		HideSolutionNode = FALSE
	EndGlobalSection
	GlobalSection(ExtensibilityGlobals) = postSolution
		SolutionGuid = {5EB91A4D-8D62-4E19-BC9A-BA2D3F8D3C04}
	EndGlobalSection
EndGlobal
